// !$*UTF8*$!
{
	archiveVersion = 1;
	classes = {
	};
	objectVersion = 46;
	objects = {

/* Begin PBXBuildFile section */
		86496091148966F7002FA648 /* ValueAddKeyPathSelectorEngine.m in Sources */ = {isa = PBXBuildFile; fileRef = 8649608A148966F7002FA648 /* ValueAddKeyPathSelectorEngine.m */; };
		86496092148966F7002FA648 /* ValueAddKeyPathSelectorEngine.h in Headers */ = {isa = PBXBuildFile; fileRef = 8649608B148966F7002FA648 /* ValueAddKeyPathSelectorEngine.h */; };
		86496093148966F7002FA648 /* UIView+ValueAddLookupHelpers.m in Sources */ = {isa = PBXBuildFile; fileRef = 8649608C148966F7002FA648 /* UIView+ValueAddLookupHelpers.m */; };
		86496094148966F7002FA648 /* UIView+ValueAddLookupHelpers.h in Headers */ = {isa = PBXBuildFile; fileRef = 8649608D148966F7002FA648 /* UIView+ValueAddLookupHelpers.h */; };
		86496095148966F7002FA648 /* SelectorEngineRegistry.h in Headers */ = {isa = PBXBuildFile; fileRef = 8649608E148966F7002FA648 /* SelectorEngineRegistry.h */; };
		86496096148966F7002FA648 /* NSObject+ValueAddKeyPath.m in Sources */ = {isa = PBXBuildFile; fileRef = 8649608F148966F7002FA648 /* NSObject+ValueAddKeyPath.m */; };
		86496097148966F7002FA648 /* NSObject+ValueAddKeyPath.h in Headers */ = {isa = PBXBuildFile; fileRef = 86496090148966F7002FA648 /* NSObject+ValueAddKeyPath.h */; };
		AA747D9F0F9514B9006C5449 /* ValueAddKeyPath_Prefix.pch in Headers */ = {isa = PBXBuildFile; fileRef = AA747D9E0F9514B9006C5449 /* ValueAddKeyPath_Prefix.pch */; };
		AACBBE4A0F95108600F1A2B1 /* Foundation.framework in Frameworks */ = {isa = PBXBuildFile; fileRef = AACBBE490F95108600F1A2B1 /* Foundation.framework */; };
/* End PBXBuildFile section */

/* Begin PBXFileReference section */
		8649608A148966F7002FA648 /* ValueAddKeyPathSelectorEngine.m */ = {isa = PBXFileReference; fileEncoding = 4; lastKnownFileType = sourcecode.c.objc; path = ValueAddKeyPathSelectorEngine.m; sourceTree = "<group>"; };
		8649608B148966F7002FA648 /* ValueAddKeyPathSelectorEngine.h */ = {isa = PBXFileReference; fileEncoding = 4; lastKnownFileType = sourcecode.c.h; path = ValueAddKeyPathSelectorEngine.h; sourceTree = "<group>"; };
		8649608C148966F7002FA648 /* UIView+ValueAddLookupHelpers.m */ = {isa = PBXFileReference; fileEncoding = 4; lastKnownFileType = sourcecode.c.objc; path = "UIView+ValueAddLookupHelpers.m"; sourceTree = "<group>"; };
		8649608D148966F7002FA648 /* UIView+ValueAddLookupHelpers.h */ = {isa = PBXFileReference; fileEncoding = 4; lastKnownFileType = sourcecode.c.h; path = "UIView+ValueAddLookupHelpers.h"; sourceTree = "<group>"; };
		8649608E148966F7002FA648 /* SelectorEngineRegistry.h */ = {isa = PBXFileReference; fileEncoding = 4; lastKnownFileType = sourcecode.c.h; path = SelectorEngineRegistry.h; sourceTree = "<group>"; };
		8649608F148966F7002FA648 /* NSObject+ValueAddKeyPath.m */ = {isa = PBXFileReference; fileEncoding = 4; lastKnownFileType = sourcecode.c.objc; path = "NSObject+ValueAddKeyPath.m"; sourceTree = "<group>"; };
		86496090148966F7002FA648 /* NSObject+ValueAddKeyPath.h */ = {isa = PBXFileReference; fileEncoding = 4; lastKnownFileType = sourcecode.c.h; path = "NSObject+ValueAddKeyPath.h"; sourceTree = "<group>"; };
		864960A114896BC4002FA648 /* README.md */ = {isa = PBXFileReference; fileEncoding = 4; lastKnownFileType = text; path = README.md; sourceTree = "<group>"; };
		AA747D9E0F9514B9006C5449 /* ValueAddKeyPath_Prefix.pch */ = {isa = PBXFileReference; fileEncoding = 4; lastKnownFileType = sourcecode.c.h; path = ValueAddKeyPath_Prefix.pch; sourceTree = SOURCE_ROOT; };
		AACBBE490F95108600F1A2B1 /* Foundation.framework */ = {isa = PBXFileReference; lastKnownFileType = wrapper.framework; name = Foundation.framework; path = System/Library/Frameworks/Foundation.framework; sourceTree = SDKROOT; };
		D2AAC07E0554694100DB518D /* libValueAddKeyPath.a */ = {isa = PBXFileReference; explicitFileType = archive.ar; includeInIndex = 0; path = libValueAddKeyPath.a; sourceTree = BUILT_PRODUCTS_DIR; };
/* End PBXFileReference section */

/* Begin PBXFrameworksBuildPhase section */
		D2AAC07C0554694100DB518D /* Frameworks */ = {
			isa = PBXFrameworksBuildPhase;
			buildActionMask = 2147483647;
			files = (
				AACBBE4A0F95108600F1A2B1 /* Foundation.framework in Frameworks */,
			);
			runOnlyForDeploymentPostprocessing = 0;
		};
/* End PBXFrameworksBuildPhase section */

/* Begin PBXGroup section */
		034768DFFF38A50411DB9C8B /* Products */ = {
			isa = PBXGroup;
			children = (
				D2AAC07E0554694100DB518D /* libValueAddKeyPath.a */,
			);
			name = Products;
			sourceTree = "<group>";
		};
		0867D691FE84028FC02AAC07 /* ValueAddKeyPath */ = {
			isa = PBXGroup;
			children = (
				864960A114896BC4002FA648 /* README.md */,
				08FB77AEFE84172EC02AAC07 /* Classes */,
				32C88DFF0371C24200C91783 /* Other Sources */,
				0867D69AFE84028FC02AAC07 /* Frameworks */,
				034768DFFF38A50411DB9C8B /* Products */,
			);
			name = ValueAddKeyPath;
			sourceTree = "<group>";
		};
		0867D69AFE84028FC02AAC07 /* Frameworks */ = {
			isa = PBXGroup;
			children = (
				AACBBE490F95108600F1A2B1 /* Foundation.framework */,
			);
			name = Frameworks;
			sourceTree = "<group>";
		};
		08FB77AEFE84172EC02AAC07 /* Classes */ = {
			isa = PBXGroup;
			children = (
				8649608E148966F7002FA648 /* SelectorEngineRegistry.h */,
				8649608B148966F7002FA648 /* ValueAddKeyPathSelectorEngine.h */,
				8649608A148966F7002FA648 /* ValueAddKeyPathSelectorEngine.m */,
				8649608D148966F7002FA648 /* UIView+ValueAddLookupHelpers.h */,
				8649608C148966F7002FA648 /* UIView+ValueAddLookupHelpers.m */,
				86496090148966F7002FA648 /* NSObject+ValueAddKeyPath.h */,
				8649608F148966F7002FA648 /* NSObject+ValueAddKeyPath.m */,
			);
			path = Classes;
			sourceTree = "<group>";
		};
		32C88DFF0371C24200C91783 /* Other Sources */ = {
			isa = PBXGroup;
			children = (
				AA747D9E0F9514B9006C5449 /* ValueAddKeyPath_Prefix.pch */,
			);
			name = "Other Sources";
			sourceTree = "<group>";
		};
/* End PBXGroup section */

/* Begin PBXHeadersBuildPhase section */
		D2AAC07A0554694100DB518D /* Headers */ = {
			isa = PBXHeadersBuildPhase;
			buildActionMask = 2147483647;
			files = (
				AA747D9F0F9514B9006C5449 /* ValueAddKeyPath_Prefix.pch in Headers */,
				86496092148966F7002FA648 /* ValueAddKeyPathSelectorEngine.h in Headers */,
				86496094148966F7002FA648 /* UIView+ValueAddLookupHelpers.h in Headers */,
				86496095148966F7002FA648 /* SelectorEngineRegistry.h in Headers */,
				86496097148966F7002FA648 /* NSObject+ValueAddKeyPath.h in Headers */,
			);
			runOnlyForDeploymentPostprocessing = 0;
		};
/* End PBXHeadersBuildPhase section */

/* Begin PBXNativeTarget section */
		D2AAC07D0554694100DB518D /* ValueAddKeyPath */ = {
			isa = PBXNativeTarget;
			buildConfigurationList = 1DEB921E08733DC00010E9CD /* Build configuration list for PBXNativeTarget "ValueAddKeyPath" */;
			buildPhases = (
				D2AAC07A0554694100DB518D /* Headers */,
				D2AAC07B0554694100DB518D /* Sources */,
				D2AAC07C0554694100DB518D /* Frameworks */,
			);
			buildRules = (
			);
			dependencies = (
			);
			name = ValueAddKeyPath;
			productName = ValueAddKeyPath;
			productReference = D2AAC07E0554694100DB518D /* libValueAddKeyPath.a */;
			productType = "com.apple.product-type.library.static";
		};
/* End PBXNativeTarget section */

/* Begin PBXProject section */
		0867D690FE84028FC02AAC07 /* Project object */ = {
			isa = PBXProject;
			buildConfigurationList = 1DEB922208733DC00010E9CD /* Build configuration list for PBXProject "ValueAddKeyPath" */;
			compatibilityVersion = "Xcode 3.2";
			developmentRegion = English;
			hasScannedForEncodings = 1;
			knownRegions = (
				English,
				Japanese,
				French,
				German,
			);
			mainGroup = 0867D691FE84028FC02AAC07 /* ValueAddKeyPath */;
			productRefGroup = 034768DFFF38A50411DB9C8B /* Products */;
			projectDirPath = "";
			projectRoot = "";
			targets = (
				D2AAC07D0554694100DB518D /* ValueAddKeyPath */,
			);
		};
/* End PBXProject section */

/* Begin PBXSourcesBuildPhase section */
		D2AAC07B0554694100DB518D /* Sources */ = {
			isa = PBXSourcesBuildPhase;
			buildActionMask = 2147483647;
			files = (
				86496091148966F7002FA648 /* ValueAddKeyPathSelectorEngine.m in Sources */,
				86496093148966F7002FA648 /* UIView+ValueAddLookupHelpers.m in Sources */,
				86496096148966F7002FA648 /* NSObject+ValueAddKeyPath.m in Sources */,
			);
			runOnlyForDeploymentPostprocessing = 0;
		};
/* End PBXSourcesBuildPhase section */

/* Begin XCBuildConfiguration section */
		1DEB921F08733DC00010E9CD /* Debug */ = {
			isa = XCBuildConfiguration;
			buildSettings = {
				ALWAYS_SEARCH_USER_PATHS = NO;
				ARCHS = "$(ARCHS_STANDARD_32_BIT)";
				COPY_PHASE_STRIP = NO;
				DSTROOT = /tmp/ValueAddKeyPath.dst;
				GCC_DYNAMIC_NO_PIC = NO;
				GCC_ENABLE_FIX_AND_CONTINUE = YES;
				GCC_MODEL_TUNING = G5;
				GCC_OPTIMIZATION_LEVEL = 0;
				GCC_PRECOMPILE_PREFIX_HEADER = YES;
				GCC_PREFIX_HEADER = ValueAddKeyPath_Prefix.pch;
				INSTALL_PATH = /usr/local/lib;
				PRODUCT_NAME = ValueAddKeyPath;
			};
			name = Debug;
		};
		1DEB922008733DC00010E9CD /* Release */ = {
			isa = XCBuildConfiguration;
			buildSettings = {
				ALWAYS_SEARCH_USER_PATHS = NO;
				ARCHS = "$(ARCHS_STANDARD_32_BIT)";
				DSTROOT = /tmp/ValueAddKeyPath.dst;
				GCC_MODEL_TUNING = G5;
				GCC_PRECOMPILE_PREFIX_HEADER = YES;
				GCC_PREFIX_HEADER = ValueAddKeyPath_Prefix.pch;
				INSTALL_PATH = /usr/local/lib;
				PRODUCT_NAME = ValueAddKeyPath;
			};
			name = Release;
		};
		1DEB922308733DC00010E9CD /* Debug */ = {
			isa = XCBuildConfiguration;
			buildSettings = {
				ARCHS = "$(ARCHS_STANDARD_32_BIT)";
				GCC_C_LANGUAGE_STANDARD = c99;
				GCC_OPTIMIZATION_LEVEL = 0;
				GCC_WARN_ABOUT_RETURN_TYPE = YES;
				GCC_WARN_UNUSED_VARIABLE = YES;
				OTHER_LDFLAGS = "-ObjC";
				PREBINDING = NO;
				SDKROOT = iphoneos;
			};
			name = Debug;
		};
		1DEB922408733DC00010E9CD /* Release */ = {
			isa = XCBuildConfiguration;
			buildSettings = {
				ARCHS = "$(ARCHS_STANDARD_32_BIT)";
				GCC_C_LANGUAGE_STANDARD = c99;
				GCC_WARN_ABOUT_RETURN_TYPE = YES;
				GCC_WARN_UNUSED_VARIABLE = YES;
				OTHER_LDFLAGS = "-ObjC";
				PREBINDING = NO;
				SDKROOT = iphoneos;
			};
			name = Release;
		};
/* End XCBuildConfiguration section */

/* Begin XCConfigurationList section */
		1DEB921E08733DC00010E9CD /* Build configuration list for PBXNativeTarget "ValueAddKeyPath" */ = {
			isa = XCConfigurationList;
			buildConfigurations = (
				1DEB921F08733DC00010E9CD /* Debug */,
				1DEB922008733DC00010E9CD /* Release */,
			);
			defaultConfigurationIsVisible = 0;
			defaultConfigurationName = Release;
		};
		1DEB922208733DC00010E9CD /* Build configuration list for PBXProject "ValueAddKeyPath" */ = {
			isa = XCConfigurationList;
			buildConfigurations = (
				1DEB922308733DC00010E9CD /* Debug */,
				1DEB922408733DC00010E9CD /* Release */,
			);
			defaultConfigurationIsVisible = 0;
			defaultConfigurationName = Release;
		};
/* End XCConfigurationList section */
	};
	rootObject = 0867D690FE84028FC02AAC07 /* Project object */;
}
